
Microsoft Visual Studio Solution File, Format Version 12.00
# Visual Studio Version 17
VisualStudioVersion = 17.13.35825.156 d17.13
MinimumVisualStudioVersion = 10.0.40219.1
Project("{FAE04EC0-301F-11D3-BF4B-00C04F79EFBC}") = "toDolist", "toDolist\toDolist.csproj", "{0F52A392-8214-4FA7-A881-8A3E587B4FBB}"
EndProject
Global
	GlobalSection(SolutionConfigurationPlatforms) = preSolution
		Debug|Any CPU = Debug|Any CPU
		Release|Any CPU = Release|Any CPU
	EndGlobalSection
	GlobalSection(ProjectConfigurationPlatforms) = postSolution
		{0F52A392-8214-4FA7-A881-8A3E587B4FBB}.Debug|Any CPU.ActiveCfg = Debug|Any CPU
		{0F52A392-8214-4FA7-A881-8A3E587B4FBB}.Debug|Any CPU.Build.0 = Debug|Any CPU
		{0F52A392-8214-4FA7-A881-8A3E587B4FBB}.Release|Any CPU.ActiveCfg = Release|Any CPU
		{0F52A392-8214-4FA7-A881-8A3E587B4FBB}.Release|Any CPU.Build.0 = Release|Any CPU
	EndGlobalSection
	GlobalSection(SolutionProperties) = preSolution
		HideSolutionNode = FALSE
	EndGlobalSection
	GlobalSection(ExtensibilityGlobals) = postSolution
		SolutionGuid = {02BBF0CB-691E-4912-94D2-D5C715711114}
	EndGlobalSection
EndGlobal
